
Microsoft Visual Studio Solution File, Format Version 12.00
# Visual Studio Version 17
VisualStudioVersion = 17.0.31903.59
MinimumVisualStudioVersion = 10.0.40219.1
Project("{2150E333-8FDC-42A3-9474-1A3956D46DE8}") = "src", "src", "{827E0CD3-B72D-47B6-A68D-7590B98EB39B}"
EndProject
Project("{2150E333-8FDC-42A3-9474-1A3956D46DE8}") = "Api", "Api", "{81034408-37C8-1011-444E-4C15C2FADA8E}"
EndProject
Project("{FAE04EC0-301F-11D3-BF4B-00C04F79EFBC}") = "DinExApi.Api", "src\Api\DinExApi.Api.csproj", "{80EFA160-6231-41A2-9B13-FD0A1516FB2F}"
EndProject
Project("{2150E333-8FDC-42A3-9474-1A3956D46DE8}") = "Service", "Service", "{D40739C2-B365-88A5-00D6-6C74FD5CFB3F}"
EndProject
Project("{FAE04EC0-301F-11D3-BF4B-00C04F79EFBC}") = "DinExApi.Service", "src\Service\DinExApi.Service.csproj", "{CA8E71EB-56F0-4FE3-8E9C-3F21565DAF11}"
EndProject
Project("{2150E333-8FDC-42A3-9474-1A3956D46DE8}") = "Infra", "Infra", "{15879CB8-7A3F-14CE-5390-BDD4BAA5791B}"
EndProject
Project("{FAE04EC0-301F-11D3-BF4B-00C04F79EFBC}") = "DinExApi.Infra", "src\Infra\DinExApi.Infra.csproj", "{70C98C1D-7ED2-4E5D-BCDC-31AC6DEDF14A}"
EndProject
Project("{2150E333-8FDC-42A3-9474-1A3956D46DE8}") = "Core", "Core", "{8D626EA8-CB54-BC41-363A-217881BEBA6E}"
EndProject
Project("{FAE04EC0-301F-11D3-BF4B-00C04F79EFBC}") = "DinExApi.Core", "src\Core\DinExApi.Core.csproj", "{B4251D82-6B24-4A25-8192-7EDFCCFCE95A}"
EndProject
Project("{2150E333-8FDC-42A3-9474-1A3956D46DE8}") = "Tests", "Tests", "{CEA09484-30F6-4D44-02F6-822E06DBC57C}"
EndProject
Project("{FAE04EC0-301F-11D3-BF4B-00C04F79EFBC}") = "DinExApi.Tests", "src\Tests\DinExApi.Tests.csproj", "{E2E2A4CD-FF5C-4A78-A860-6966EBA54CE2}"
EndProject
Global
	GlobalSection(SolutionConfigurationPlatforms) = preSolution
		Debug|Any CPU = Debug|Any CPU
		Debug|x64 = Debug|x64
		Debug|x86 = Debug|x86
		Release|Any CPU = Release|Any CPU
		Release|x64 = Release|x64
		Release|x86 = Release|x86
	EndGlobalSection
	GlobalSection(ProjectConfigurationPlatforms) = postSolution
		{80EFA160-6231-41A2-9B13-FD0A1516FB2F}.Debug|Any CPU.ActiveCfg = Debug|Any CPU
		{80EFA160-6231-41A2-9B13-FD0A1516FB2F}.Debug|Any CPU.Build.0 = Debug|Any CPU
		{80EFA160-6231-41A2-9B13-FD0A1516FB2F}.Debug|x64.ActiveCfg = Debug|Any CPU
		{80EFA160-6231-41A2-9B13-FD0A1516FB2F}.Debug|x64.Build.0 = Debug|Any CPU
		{80EFA160-6231-41A2-9B13-FD0A1516FB2F}.Debug|x86.ActiveCfg = Debug|Any CPU
		{80EFA160-6231-41A2-9B13-FD0A1516FB2F}.Debug|x86.Build.0 = Debug|Any CPU
		{80EFA160-6231-41A2-9B13-FD0A1516FB2F}.Release|Any CPU.ActiveCfg = Release|Any CPU
		{80EFA160-6231-41A2-9B13-FD0A1516FB2F}.Release|Any CPU.Build.0 = Release|Any CPU
		{80EFA160-6231-41A2-9B13-FD0A1516FB2F}.Release|x64.ActiveCfg = Release|Any CPU
		{80EFA160-6231-41A2-9B13-FD0A1516FB2F}.Release|x64.Build.0 = Release|Any CPU
		{80EFA160-6231-41A2-9B13-FD0A1516FB2F}.Release|x86.ActiveCfg = Release|Any CPU
		{80EFA160-6231-41A2-9B13-FD0A1516FB2F}.Release|x86.Build.0 = Release|Any CPU
		{CA8E71EB-56F0-4FE3-8E9C-3F21565DAF11}.Debug|Any CPU.ActiveCfg = Debug|Any CPU
		{CA8E71EB-56F0-4FE3-8E9C-3F21565DAF11}.Debug|Any CPU.Build.0 = Debug|Any CPU
		{CA8E71EB-56F0-4FE3-8E9C-3F21565DAF11}.Debug|x64.ActiveCfg = Debug|Any CPU
		{CA8E71EB-56F0-4FE3-8E9C-3F21565DAF11}.Debug|x64.Build.0 = Debug|Any CPU
		{CA8E71EB-56F0-4FE3-8E9C-3F21565DAF11}.Debug|x86.ActiveCfg = Debug|Any CPU
		{CA8E71EB-56F0-4FE3-8E9C-3F21565DAF11}.Debug|x86.Build.0 = Debug|Any CPU
		{CA8E71EB-56F0-4FE3-8E9C-3F21565DAF11}.Release|Any CPU.ActiveCfg = Release|Any CPU
		{CA8E71EB-56F0-4FE3-8E9C-3F21565DAF11}.Release|Any CPU.Build.0 = Release|Any CPU
		{CA8E71EB-56F0-4FE3-8E9C-3F21565DAF11}.Release|x64.ActiveCfg = Release|Any CPU
		{CA8E71EB-56F0-4FE3-8E9C-3F21565DAF11}.Release|x64.Build.0 = Release|Any CPU
		{CA8E71EB-56F0-4FE3-8E9C-3F21565DAF11}.Release|x86.ActiveCfg = Release|Any CPU
		{CA8E71EB-56F0-4FE3-8E9C-3F21565DAF11}.Release|x86.Build.0 = Release|Any CPU
		{70C98C1D-7ED2-4E5D-BCDC-31AC6DEDF14A}.Debug|Any CPU.ActiveCfg = Debug|Any CPU
		{70C98C1D-7ED2-4E5D-BCDC-31AC6DEDF14A}.Debug|Any CPU.Build.0 = Debug|Any CPU
		{70C98C1D-7ED2-4E5D-BCDC-31AC6DEDF14A}.Debug|x64.ActiveCfg = Debug|Any CPU
		{70C98C1D-7ED2-4E5D-BCDC-31AC6DEDF14A}.Debug|x64.Build.0 = Debug|Any CPU
		{70C98C1D-7ED2-4E5D-BCDC-31AC6DEDF14A}.Debug|x86.ActiveCfg = Debug|Any CPU
		{70C98C1D-7ED2-4E5D-BCDC-31AC6DEDF14A}.Debug|x86.Build.0 = Debug|Any CPU
		{70C98C1D-7ED2-4E5D-BCDC-31AC6DEDF14A}.Release|Any CPU.ActiveCfg = Release|Any CPU
		{70C98C1D-7ED2-4E5D-BCDC-31AC6DEDF14A}.Release|Any CPU.Build.0 = Release|Any CPU
		{70C98C1D-7ED2-4E5D-BCDC-31AC6DEDF14A}.Release|x64.ActiveCfg = Release|Any CPU
		{70C98C1D-7ED2-4E5D-BCDC-31AC6DEDF14A}.Release|x64.Build.0 = Release|Any CPU
		{70C98C1D-7ED2-4E5D-BCDC-31AC6DEDF14A}.Release|x86.ActiveCfg = Release|Any CPU
		{70C98C1D-7ED2-4E5D-BCDC-31AC6DEDF14A}.Release|x86.Build.0 = Release|Any CPU
		{B4251D82-6B24-4A25-8192-7EDFCCFCE95A}.Debug|Any CPU.ActiveCfg = Debug|Any CPU
		{B4251D82-6B24-4A25-8192-7EDFCCFCE95A}.Debug|Any CPU.Build.0 = Debug|Any CPU
		{B4251D82-6B24-4A25-8192-7EDFCCFCE95A}.Debug|x64.ActiveCfg = Debug|Any CPU
		{B4251D82-6B24-4A25-8192-7EDFCCFCE95A}.Debug|x64.Build.0 = Debug|Any CPU
		{B4251D82-6B24-4A25-8192-7EDFCCFCE95A}.Debug|x86.ActiveCfg = Debug|Any CPU
		{B4251D82-6B24-4A25-8192-7EDFCCFCE95A}.Debug|x86.Build.0 = Debug|Any CPU
		{B4251D82-6B24-4A25-8192-7EDFCCFCE95A}.Release|Any CPU.ActiveCfg = Release|Any CPU
		{B4251D82-6B24-4A25-8192-7EDFCCFCE95A}.Release|Any CPU.Build.0 = Release|Any CPU
		{B4251D82-6B24-4A25-8192-7EDFCCFCE95A}.Release|x64.ActiveCfg = Release|Any CPU
		{B4251D82-6B24-4A25-8192-7EDFCCFCE95A}.Release|x64.Build.0 = Release|Any CPU
		{B4251D82-6B24-4A25-8192-7EDFCCFCE95A}.Release|x86.ActiveCfg = Release|Any CPU
		{B4251D82-6B24-4A25-8192-7EDFCCFCE95A}.Release|x86.Build.0 = Release|Any CPU
		{E2E2A4CD-FF5C-4A78-A860-6966EBA54CE2}.Debug|Any CPU.ActiveCfg = Debug|Any CPU
		{E2E2A4CD-FF5C-4A78-A860-6966EBA54CE2}.Debug|Any CPU.Build.0 = Debug|Any CPU
		{E2E2A4CD-FF5C-4A78-A860-6966EBA54CE2}.Debug|x64.ActiveCfg = Debug|Any CPU
		{E2E2A4CD-FF5C-4A78-A860-6966EBA54CE2}.Debug|x64.Build.0 = Debug|Any CPU
		{E2E2A4CD-FF5C-4A78-A860-6966EBA54CE2}.Debug|x86.ActiveCfg = Debug|Any CPU
		{E2E2A4CD-FF5C-4A78-A860-6966EBA54CE2}.Debug|x86.Build.0 = Debug|Any CPU
		{E2E2A4CD-FF5C-4A78-A860-6966EBA54CE2}.Release|Any CPU.ActiveCfg = Release|Any CPU
		{E2E2A4CD-FF5C-4A78-A860-6966EBA54CE2}.Release|Any CPU.Build.0 = Release|Any CPU
		{E2E2A4CD-FF5C-4A78-A860-6966EBA54CE2}.Release|x64.ActiveCfg = Release|Any CPU
		{E2E2A4CD-FF5C-4A78-A860-6966EBA54CE2}.Release|x64.Build.0 = Release|Any CPU
		{E2E2A4CD-FF5C-4A78-A860-6966EBA54CE2}.Release|x86.ActiveCfg = Release|Any CPU
		{E2E2A4CD-FF5C-4A78-A860-6966EBA54CE2}.Release|x86.Build.0 = Release|Any CPU
	EndGlobalSection
	GlobalSection(SolutionProperties) = preSolution
		HideSolutionNode = FALSE
	EndGlobalSection
	GlobalSection(NestedProjects) = preSolution
		{81034408-37C8-1011-444E-4C15C2FADA8E} = {827E0CD3-B72D-47B6-A68D-7590B98EB39B}
		{80EFA160-6231-41A2-9B13-FD0A1516FB2F} = {81034408-37C8-1011-444E-4C15C2FADA8E}
		{D40739C2-B365-88A5-00D6-6C74FD5CFB3F} = {827E0CD3-B72D-47B6-A68D-7590B98EB39B}
		{CA8E71EB-56F0-4FE3-8E9C-3F21565DAF11} = {D40739C2-B365-88A5-00D6-6C74FD5CFB3F}
		{15879CB8-7A3F-14CE-5390-BDD4BAA5791B} = {827E0CD3-B72D-47B6-A68D-7590B98EB39B}
		{70C98C1D-7ED2-4E5D-BCDC-31AC6DEDF14A} = {15879CB8-7A3F-14CE-5390-BDD4BAA5791B}
		{8D626EA8-CB54-BC41-363A-217881BEBA6E} = {827E0CD3-B72D-47B6-A68D-7590B98EB39B}
		{B4251D82-6B24-4A25-8192-7EDFCCFCE95A} = {8D626EA8-CB54-BC41-363A-217881BEBA6E}
		{CEA09484-30F6-4D44-02F6-822E06DBC57C} = {827E0CD3-B72D-47B6-A68D-7590B98EB39B}
		{E2E2A4CD-FF5C-4A78-A860-6966EBA54CE2} = {CEA09484-30F6-4D44-02F6-822E06DBC57C}
	EndGlobalSection
EndGlobal
